
Microsoft Visual Studio Solution File, Format Version 12.00
# Visual Studio Version 17
VisualStudioVersion = 17.11.35327.3
MinimumVisualStudioVersion = 10.0.40219.1
Project("{8BC9CEB8-8B4A-11D0-8D11-00A0C91BC942}") = "Project1", "Project1.vcxproj", "{941D6155-80E9-4B52-B100-40C830573C29}"
EndProject
Global
	GlobalSection(SolutionConfigurationPlatforms) = preSolution
		Debug|x64 = Debug|x64
		Debug|x86 = Debug|x86
		Release|x64 = Release|x64
		Release|x86 = Release|x86
	EndGlobalSection
	GlobalSection(ProjectConfigurationPlatforms) = postSolution
		{941D6155-80E9-4B52-B100-40C830573C29}.Debug|x64.ActiveCfg = Debug|x64
		{941D6155-80E9-4B52-B100-40C830573C29}.Debug|x64.Build.0 = Debug|x64
		{941D6155-80E9-4B52-B100-40C830573C29}.Debug|x86.ActiveCfg = Debug|Win32
		{941D6155-80E9-4B52-B100-40C830573C29}.Debug|x86.Build.0 = Debug|Win32
		{941D6155-80E9-4B52-B100-40C830573C29}.Release|x64.ActiveCfg = Release|x64
		{941D6155-80E9-4B52-B100-40C830573C29}.Release|x64.Build.0 = Release|x64
		{941D6155-80E9-4B52-B100-40C830573C29}.Release|x86.ActiveCfg = Release|Win32
		{941D6155-80E9-4B52-B100-40C830573C29}.Release|x86.Build.0 = Release|Win32
	EndGlobalSection
	GlobalSection(SolutionProperties) = preSolution
		HideSolutionNode = FALSE
	EndGlobalSection
	GlobalSection(ExtensibilityGlobals) = postSolution
		SolutionGuid = {D0EFA994-5C3A-4E73-99B6-927D1EB43E89}
	EndGlobalSection
EndGlobal
